github.com/arielril/basic-go-gl v0.0.0-20200420015613-d695b52c3ed7 h1:F11v+xM3jqgsiH7N+EHyqE1ApqK3YMzBquPoZthiIEQ=
github.com/go-gl/example v0.0.0-20191129173604-c307114f3462 h1:7uwfCqcBq167CdHwOD7vF+uAU59q/80342UCRtW4JNw=
github.com/go-gl/example v0.0.0-20191129173604-c307114f3462/go.mod h1:E+gS6mQ2+Q61AyqFDv1wwV2v6snYJ5QxM3438Oo7GQA=
github.com/go-gl/gl v0.0.0-20190320180904-bf2b1f2f34d7 h1:SCYMcCJ89LjRGwEa0tRluNRiMjZHalQZrVrvTbPh+qw=
github.com/go-gl/gl v0.0.0-20190320180904-bf2b1f2f34d7/go.mod h1:482civXOzJJCPzJ4ZOX/pwvXBWSnzD4OKMdH4ClKGbk=
github.com/go-gl/glfw v0.0.0-20200222043503-6f7a984d4dc4 h1:5Bg3HS4orH8S9vQARwWJHnEkz0dvhRKf3xxGlyDpjhE=
github.com/go-gl/glfw v0.0.0-20200222043503-6f7a984d4dc4/go.mod h1:vR7hzQXu2zJy9AVAgeJqvqgH9Q5CA+iKCZ2gyEVpxRU=
github.com/go-gl/glfw/v3.3/glfw v0.0.0-20200222043503-6f7a984d4dc4 h1:WtGNWLvXpe6ZudgnXrq0barxBImvnnJoMEhXAzcbM0I=
github.com/go-gl/glfw/v3.3/glfw v0.0.0-20200222043503-6f7a984d4dc4/go.mod h1:tQ2UAYgL5IevRw8kRxooKSPJfGvJ9fJQFa0TUsXzTg8=
